
Microsoft Visual Studio Solution File, Format Version 12.00
# Visual Studio 15
VisualStudioVersion = 15.0.28306.52
MinimumVisualStudioVersion = 10.0.40219.1
Project("{9A19103F-16F7-4668-BE54-9A1E7A4F7556}") = "Contentful.Wyam", "Contentful.Wyam\Contentful.Wyam.csproj", "{26ADD4E4-5FAC-437D-BEDF-58B283876BE0}"
EndProject
Project("{FAE04EC0-301F-11D3-BF4B-00C04F79EFBC}") = "Contentful.Wyam.Tests", "Contentful.Wyam.Tests\Contentful.Wyam.Tests.csproj", "{CE76C19C-A7E1-4F5B-9231-A7DD819978EF}"
EndProject
Global
	GlobalSection(SolutionConfigurationPlatforms) = preSolution
		Debug|Any CPU = Debug|Any CPU
		Release|Any CPU = Release|Any CPU
	EndGlobalSection
	GlobalSection(ProjectConfigurationPlatforms) = postSolution
		{26ADD4E4-5FAC-437D-BEDF-58B283876BE0}.Debug|Any CPU.ActiveCfg = Debug|Any CPU
		{26ADD4E4-5FAC-437D-BEDF-58B283876BE0}.Debug|Any CPU.Build.0 = Debug|Any CPU
		{26ADD4E4-5FAC-437D-BEDF-58B283876BE0}.Release|Any CPU.ActiveCfg = Release|Any CPU
		{26ADD4E4-5FAC-437D-BEDF-58B283876BE0}.Release|Any CPU.Build.0 = Release|Any CPU
		{CE76C19C-A7E1-4F5B-9231-A7DD819978EF}.Debug|Any CPU.ActiveCfg = Debug|Any CPU
		{CE76C19C-A7E1-4F5B-9231-A7DD819978EF}.Debug|Any CPU.Build.0 = Debug|Any CPU
		{CE76C19C-A7E1-4F5B-9231-A7DD819978EF}.Release|Any CPU.ActiveCfg = Release|Any CPU
		{CE76C19C-A7E1-4F5B-9231-A7DD819978EF}.Release|Any CPU.Build.0 = Release|Any CPU
	EndGlobalSection
	GlobalSection(SolutionProperties) = preSolution
		HideSolutionNode = FALSE
	EndGlobalSection
	GlobalSection(ExtensibilityGlobals) = postSolution
		SolutionGuid = {86808D5B-8D24-4C6C-8823-DB645C667474}
	EndGlobalSection
EndGlobal
